PODS:
  - SVProgressHUD (2.2.5)
  - YYKit (1.0.9):
    - YYKit/no-arc (= 1.0.9)
  - YYKit/no-arc (1.0.9)

DEPENDENCIES:
  - SVProgressHUD
  - YYKit

SPEC CHECKSUMS:
  SVProgressHUD: 1428aafac632c1f86f62aa4243ec12008d7a51d6
  YYKit: 7cda43304a8dc3696c449041e2cb3107b4e236e7

PODFILE CHECKSUM: da6c04b4be0c1b976eec81b6ec0ad9e8996c7404

COCOAPODS: 1.2.1
